
Microsoft Visual Studio Solution File, Format Version 12.00
# Visual Studio Version 16
VisualStudioVersion = 16.0.31005.135
MinimumVisualStudioVersion = 10.0.40219.1
Project("{9A19103F-16F7-4668-BE54-9A1E7A4F7556}") = "GradeBook", "GradeBook.csproj", "{83E4B778-E5A3-4BFF-8F4F-51F9CAC31C31}"
EndProject
Global
	GlobalSection(SolutionConfigurationPlatforms) = preSolution
		Debug|Any CPU = Debug|Any CPU
		Release|Any CPU = Release|Any CPU
	EndGlobalSection
	GlobalSection(ProjectConfigurationPlatforms) = postSolution
		{83E4B778-E5A3-4BFF-8F4F-51F9CAC31C31}.Debug|Any CPU.ActiveCfg = Debug|Any CPU
		{83E4B778-E5A3-4BFF-8F4F-51F9CAC31C31}.Debug|Any CPU.Build.0 = Debug|Any CPU
		{83E4B778-E5A3-4BFF-8F4F-51F9CAC31C31}.Release|Any CPU.ActiveCfg = Release|Any CPU
		{83E4B778-E5A3-4BFF-8F4F-51F9CAC31C31}.Release|Any CPU.Build.0 = Release|Any CPU
	EndGlobalSection
	GlobalSection(SolutionProperties) = preSolution
		HideSolutionNode = FALSE
	EndGlobalSection
	GlobalSection(ExtensibilityGlobals) = postSolution
		SolutionGuid = {F7D4D5C7-0B68-4EA2-8E89-E6735F0B63DD}
	EndGlobalSection
EndGlobal
